{
  "pins" : [
    {
      "identity" : "stripe-ios",
      "kind" : "remoteSourceControl",
      "location" : "https://github.com/stripe/stripe-ios",
      "state" : {
        "revision" : "fdd1b570f768a2b8e5a83dc43ec631112e740ede",
        "version" : "23.23.0"
      }
    }
  ],
  "version" : 2
}
